<?xml version="1.0" encoding="utf-8"?>
<Project ToolsVersion="4.0" xmlns="http://schemas.microsoft.com/developer/msbuild/2003">
  <ItemGroup>
    <Filter Include="Mod">
      <UniqueIdentifier>{bdf34e03-8ac4-45d4-a758-c866295e6404}</UniqueIdentifier>
    </Filter>
    <Filter Include="nlohmann-json">
      <UniqueIdentifier>{d60e4b93-35a0-4a0f-93b0-236edac892a3}</UniqueIdentifier>
    </Filter>
  </ItemGroup>
  <ItemGroup>
    <ClInclude Include="Mod\Config.h">
      <Filter>Mod</Filter>
    </ClInclude>
    <ClInclude Include="Mod\ExtraSubs.h">
      <Filter>Mod</Filter>
    </ClInclude>
    <ClInclude Include="framework.h" />
    <ClInclude Include="pch.h" />
    <ClInclude Include="Mod\Json.h">
      <Filter>Mod</Filter>
    </ClInclude>
    <ClInclude Include="nlohmann-json\json.hpp">
      <Filter>nlohmann-json</Filter>
    </ClInclude>
  </ItemGroup>
  <ItemGroup>
    <ClCompile Include="Mod\Config.cpp">
      <Filter>Mod</Filter>
    </ClCompile>
    <ClCompile Include="Mod\ExtraSubs.cpp">
      <Filter>Mod</Filter>
    </ClCompile>
    <ClCompile Include="Mod\Main.cpp">
      <Filter>Mod</Filter>
    </ClCompile>
    <ClCompile Include="dllmain.cpp" />
    <ClCompile Include="pch.cpp" />
    <ClCompile Include="Mod\Json.cpp">
      <Filter>Mod</Filter>
    </ClCompile>
  </ItemGroup>
</Project>